{
  "name": "job",
  "version": "0.1.0",
  "lockfileVersion": 1,
  "requires": true,
  "dependencies": {
    "adhere": {
      "version": "1.0.1",
      "resolved": "https://registry.npmjs.org/adhere/-/adhere-1.0.1.tgz",
      "integrity": "sha1-4ZbgSndqAHdJx09KVPXs90wGiRk="
    },
    "cadence": {
      "version": "1.0.4",
      "resolved": "https://registry.npmjs.org/cadence/-/cadence-1.0.4.tgz",
      "integrity": "sha1-m0Sk83IG5Bo8oylq89lyrPh2Am0="
    },
    "eject": {
      "version": "0.0.4",
      "resolved": "https://registry.npmjs.org/eject/-/eject-0.0.4.tgz",
      "integrity": "sha1-utfDNSLmP+ljzLcT0MsO56l12Ps=",
      "requires": {
        "adhere": "1.0.1",
        "cadence": "1.0.4",
        "interrupt": "1.2.0"
      }
    },
    "interrupt": {
      "version": "1.2.0",
      "resolved": "https://registry.npmjs.org/interrupt/-/interrupt-1.2.0.tgz",
      "integrity": "sha1-j44NDPuhkOdGgugtjwQ5IFpnAgk=",
      "requires": {
        "supersede": "1.0.4"
      }
    },
    "supersede": {
      "version": "1.0.4",
      "resolved": "https://registry.npmjs.org/supersede/-/supersede-1.0.4.tgz",
      "integrity": "sha1-WIy9shHGNmIdOowx7YgGtE8ezOY="
    }
  }
}
